
Microsoft Visual Studio Solution File, Format Version 12.00
# Visual Studio Version 17
VisualStudioVersion = 17.0.31903.59
MinimumVisualStudioVersion = 10.0.40219.1
Project("{FAE04EC0-301F-11D3-BF4B-00C04F79EFBC}") = "FerreteriaPOS.UI", "FerreteriaPOS.UI\FerreteriaPOS.UI.csproj", "{5FD8D1D9-8B78-4BCC-93E8-5493068AE13A}"
EndProject
Project("{FAE04EC0-301F-11D3-BF4B-00C04F79EFBC}") = "FerreteriaPOS.Data", "FerreteriaPOS.Data\FerreteriaPOS.Data.csproj", "{9C891876-2244-444F-B1D1-16DB618A597A}"
EndProject
Project("{FAE04EC0-301F-11D3-BF4B-00C04F79EFBC}") = "FerreteriaPOS.Tests", "FerreteriaPOS.Tests\FerreteriaPOS.Tests.csproj", "{AD8DA558-CACB-4CE6-9759-51686829EBD1}"
EndProject
Global
	GlobalSection(SolutionConfigurationPlatforms) = preSolution
		Debug|Any CPU = Debug|Any CPU
		Release|Any CPU = Release|Any CPU
	EndGlobalSection
	GlobalSection(SolutionProperties) = preSolution
		HideSolutionNode = FALSE
	EndGlobalSection
	GlobalSection(ProjectConfigurationPlatforms) = postSolution
		{5FD8D1D9-8B78-4BCC-93E8-5493068AE13A}.Debug|Any CPU.ActiveCfg = Debug|Any CPU
		{5FD8D1D9-8B78-4BCC-93E8-5493068AE13A}.Debug|Any CPU.Build.0 = Debug|Any CPU
		{5FD8D1D9-8B78-4BCC-93E8-5493068AE13A}.Release|Any CPU.ActiveCfg = Release|Any CPU
		{5FD8D1D9-8B78-4BCC-93E8-5493068AE13A}.Release|Any CPU.Build.0 = Release|Any CPU
		{9C891876-2244-444F-B1D1-16DB618A597A}.Debug|Any CPU.ActiveCfg = Debug|Any CPU
		{9C891876-2244-444F-B1D1-16DB618A597A}.Debug|Any CPU.Build.0 = Debug|Any CPU
		{9C891876-2244-444F-B1D1-16DB618A597A}.Release|Any CPU.ActiveCfg = Release|Any CPU
		{9C891876-2244-444F-B1D1-16DB618A597A}.Release|Any CPU.Build.0 = Release|Any CPU
		{AD8DA558-CACB-4CE6-9759-51686829EBD1}.Debug|Any CPU.ActiveCfg = Debug|Any CPU
		{AD8DA558-CACB-4CE6-9759-51686829EBD1}.Debug|Any CPU.Build.0 = Debug|Any CPU
		{AD8DA558-CACB-4CE6-9759-51686829EBD1}.Release|Any CPU.ActiveCfg = Release|Any CPU
		{AD8DA558-CACB-4CE6-9759-51686829EBD1}.Release|Any CPU.Build.0 = Release|Any CPU
	EndGlobalSection
EndGlobal
